
Microsoft Visual Studio Solution File, Format Version 12.00
# Visual Studio 14
VisualStudioVersion = 14.0.24720.0
MinimumVisualStudioVersion = 10.0.40219.1
Project("{FAE04EC0-301F-11D3-BF4B-00C04F79EFBC}") = "TheAionProject.S2_Solution", "TheAionProject.S2_Solution\TheAionProject.S2_Solution.csproj", "{E3113AA9-D8A6-4990-8DFE-C20DAC0E21AB}"
EndProject
Project("{2150E333-8FDC-42A3-9474-1A3956D46DE8}") = "Documentation", "Documentation", "{EA97269A-E209-4BD6-88B8-9F97CFF4F7CB}"
EndProject
Project("{FAE04EC0-301F-11D3-BF4B-00C04F79EFBC}") = "TheAionProject.S2_Starter", "TheAionProject.S2_Starter\TheAionProject.S2_Starter.csproj", "{0A3118F4-4BE1-4E64-8F84-DD446C0FEC33}"
EndProject
Global
	GlobalSection(SolutionConfigurationPlatforms) = preSolution
		Debug|Any CPU = Debug|Any CPU
		Release|Any CPU = Release|Any CPU
	EndGlobalSection
	GlobalSection(ProjectConfigurationPlatforms) = postSolution
		{E3113AA9-D8A6-4990-8DFE-C20DAC0E21AB}.Debug|Any CPU.ActiveCfg = Debug|Any CPU
		{E3113AA9-D8A6-4990-8DFE-C20DAC0E21AB}.Debug|Any CPU.Build.0 = Debug|Any CPU
		{E3113AA9-D8A6-4990-8DFE-C20DAC0E21AB}.Release|Any CPU.ActiveCfg = Release|Any CPU
		{E3113AA9-D8A6-4990-8DFE-C20DAC0E21AB}.Release|Any CPU.Build.0 = Release|Any CPU
		{0A3118F4-4BE1-4E64-8F84-DD446C0FEC33}.Debug|Any CPU.ActiveCfg = Debug|Any CPU
		{0A3118F4-4BE1-4E64-8F84-DD446C0FEC33}.Debug|Any CPU.Build.0 = Debug|Any CPU
		{0A3118F4-4BE1-4E64-8F84-DD446C0FEC33}.Release|Any CPU.ActiveCfg = Release|Any CPU
		{0A3118F4-4BE1-4E64-8F84-DD446C0FEC33}.Release|Any CPU.Build.0 = Release|Any CPU
	EndGlobalSection
	GlobalSection(SolutionProperties) = preSolution
		HideSolutionNode = FALSE
	EndGlobalSection
EndGlobal
